
Microsoft Visual Studio Solution File, Format Version 12.00
# Visual Studio Version 16
VisualStudioVersion = 16.0.30011.22
MinimumVisualStudioVersion = 10.0.40219.1
Project("{FAE04EC0-301F-11D3-BF4B-00C04F79EFBC}") = "MaximumFinder", "fig07_03\MaximumFinder\MaximumFinder\MaximumFinder.csproj", "{91DF219C-361D-4FDB-9DDF-D700392A8149}"
EndProject
Project("{FAE04EC0-301F-11D3-BF4B-00C04F79EFBC}") = "RandomIntegers", "fig07_06\RandomIntegers\RandomIntegers\RandomIntegers.csproj", "{05FACC95-1889-44E3-AEC4-09D205DFBF2A}"
EndProject
Project("{FAE04EC0-301F-11D3-BF4B-00C04F79EFBC}") = "RollDie", "fig07_07\RollDie\RollDie\RollDie.csproj", "{E7B2C273-00E0-43FB-9689-29EACCC05971}"
EndProject
Project("{FAE04EC0-301F-11D3-BF4B-00C04F79EFBC}") = "Craps", "fig07_08\Craps\Craps\Craps.csproj", "{BDBBD966-824B-4F88-A626-0CFFB76791A5}"
EndProject
Project("{FAE04EC0-301F-11D3-BF4B-00C04F79EFBC}") = "Scope", "fig07_09\Scope\Scope\Scope.csproj", "{A1216953-C750-4C24-9A19-7694D428DE1E}"
EndProject
Project("{FAE04EC0-301F-11D3-BF4B-00C04F79EFBC}") = "ExCap07", "ExCap07\ExCap07.csproj", "{DDD4FB3A-5938-4D2C-9EC5-B1CBC9DB648C}"
EndProject
Project("{FAE04EC0-301F-11D3-BF4B-00C04F79EFBC}") = "ReferenceAndOutputParameters", "fig07_15\ReferenceAndOutputParameters\ReferenceAndOutputParameters\ReferenceAndOutputParameters.csproj", "{AF5C9562-9F32-47F3-880D-A99B857FC3CF}"
EndProject
Project("{FAE04EC0-301F-11D3-BF4B-00C04F79EFBC}") = "MethodOverload", "fig07_10\MethodOverload\MethodOverload\MethodOverload.csproj", "{FA47F6FE-4370-4471-830A-593AFBF3FD54}"
EndProject
Project("{FAE04EC0-301F-11D3-BF4B-00C04F79EFBC}") = "MethodOverloadError", "fig07_11\MethodOverloadError\MethodOverloadError\MethodOverloadError.csproj", "{FCBFA88C-3CB1-4662-B3F2-4288A6BDC5DD}"
EndProject
Project("{FAE04EC0-301F-11D3-BF4B-00C04F79EFBC}") = "CalculatePowers", "fig07_12\CalculatePowers\CalculatePowers\CalculatePowers.csproj", "{A349A8FF-6290-46CE-8638-D4EE7B81057A}"
EndProject
Project("{FAE04EC0-301F-11D3-BF4B-00C04F79EFBC}") = "FactorialTest", "fig07_14\FactorialTest\FactorialTest\FactorialTest.csproj", "{5E8F6DB6-47BB-440D-80DE-B29C484DE753}"
EndProject
Project("{FAE04EC0-301F-11D3-BF4B-00C04F79EFBC}") = "Tipos_de_Metodos", "TiposDeMetodos\Tipos_de_Metodos.csproj", "{39DAF63D-C329-46D7-B9BA-DE0C35571F00}"
EndProject
Global
	GlobalSection(SolutionConfigurationPlatforms) = preSolution
		Debug|Any CPU = Debug|Any CPU
		Debug|Mixed Platforms = Debug|Mixed Platforms
		Debug|x86 = Debug|x86
		Release|Any CPU = Release|Any CPU
		Release|Mixed Platforms = Release|Mixed Platforms
		Release|x86 = Release|x86
	EndGlobalSection
	GlobalSection(ProjectConfigurationPlatforms) = postSolution
		{91DF219C-361D-4FDB-9DDF-D700392A8149}.Debug|Any CPU.ActiveCfg = Debug|Any CPU
		{91DF219C-361D-4FDB-9DDF-D700392A8149}.Debug|Any CPU.Build.0 = Debug|Any CPU
		{91DF219C-361D-4FDB-9DDF-D700392A8149}.Debug|Mixed Platforms.ActiveCfg = Debug|Any CPU
		{91DF219C-361D-4FDB-9DDF-D700392A8149}.Debug|Mixed Platforms.Build.0 = Debug|Any CPU
		{91DF219C-361D-4FDB-9DDF-D700392A8149}.Debug|x86.ActiveCfg = Debug|Any CPU
		{91DF219C-361D-4FDB-9DDF-D700392A8149}.Release|Any CPU.ActiveCfg = Release|Any CPU
		{91DF219C-361D-4FDB-9DDF-D700392A8149}.Release|Any CPU.Build.0 = Release|Any CPU
		{91DF219C-361D-4FDB-9DDF-D700392A8149}.Release|Mixed Platforms.ActiveCfg = Release|Any CPU
		{91DF219C-361D-4FDB-9DDF-D700392A8149}.Release|Mixed Platforms.Build.0 = Release|Any CPU
		{91DF219C-361D-4FDB-9DDF-D700392A8149}.Release|x86.ActiveCfg = Release|Any CPU
		{05FACC95-1889-44E3-AEC4-09D205DFBF2A}.Debug|Any CPU.ActiveCfg = Debug|Any CPU
		{05FACC95-1889-44E3-AEC4-09D205DFBF2A}.Debug|Any CPU.Build.0 = Debug|Any CPU
		{05FACC95-1889-44E3-AEC4-09D205DFBF2A}.Debug|Mixed Platforms.ActiveCfg = Debug|Any CPU
		{05FACC95-1889-44E3-AEC4-09D205DFBF2A}.Debug|Mixed Platforms.Build.0 = Debug|Any CPU
		{05FACC95-1889-44E3-AEC4-09D205DFBF2A}.Debug|x86.ActiveCfg = Debug|Any CPU
		{05FACC95-1889-44E3-AEC4-09D205DFBF2A}.Release|Any CPU.ActiveCfg = Release|Any CPU
		{05FACC95-1889-44E3-AEC4-09D205DFBF2A}.Release|Any CPU.Build.0 = Release|Any CPU
		{05FACC95-1889-44E3-AEC4-09D205DFBF2A}.Release|Mixed Platforms.ActiveCfg = Release|Any CPU
		{05FACC95-1889-44E3-AEC4-09D205DFBF2A}.Release|Mixed Platforms.Build.0 = Release|Any CPU
		{05FACC95-1889-44E3-AEC4-09D205DFBF2A}.Release|x86.ActiveCfg = Release|Any CPU
		{E7B2C273-00E0-43FB-9689-29EACCC05971}.Debug|Any CPU.ActiveCfg = Debug|Any CPU
		{E7B2C273-00E0-43FB-9689-29EACCC05971}.Debug|Any CPU.Build.0 = Debug|Any CPU
		{E7B2C273-00E0-43FB-9689-29EACCC05971}.Debug|Mixed Platforms.ActiveCfg = Debug|Any CPU
		{E7B2C273-00E0-43FB-9689-29EACCC05971}.Debug|Mixed Platforms.Build.0 = Debug|Any CPU
		{E7B2C273-00E0-43FB-9689-29EACCC05971}.Debug|x86.ActiveCfg = Debug|Any CPU
		{E7B2C273-00E0-43FB-9689-29EACCC05971}.Release|Any CPU.ActiveCfg = Release|Any CPU
		{E7B2C273-00E0-43FB-9689-29EACCC05971}.Release|Any CPU.Build.0 = Release|Any CPU
		{E7B2C273-00E0-43FB-9689-29EACCC05971}.Release|Mixed Platforms.ActiveCfg = Release|Any CPU
		{E7B2C273-00E0-43FB-9689-29EACCC05971}.Release|Mixed Platforms.Build.0 = Release|Any CPU
		{E7B2C273-00E0-43FB-9689-29EACCC05971}.Release|x86.ActiveCfg = Release|Any CPU
		{BDBBD966-824B-4F88-A626-0CFFB76791A5}.Debug|Any CPU.ActiveCfg = Debug|Any CPU
		{BDBBD966-824B-4F88-A626-0CFFB76791A5}.Debug|Any CPU.Build.0 = Debug|Any CPU
		{BDBBD966-824B-4F88-A626-0CFFB76791A5}.Debug|Mixed Platforms.ActiveCfg = Debug|Any CPU
		{BDBBD966-824B-4F88-A626-0CFFB76791A5}.Debug|Mixed Platforms.Build.0 = Debug|Any CPU
		{BDBBD966-824B-4F88-A626-0CFFB76791A5}.Debug|x86.ActiveCfg = Debug|Any CPU
		{BDBBD966-824B-4F88-A626-0CFFB76791A5}.Release|Any CPU.ActiveCfg = Release|Any CPU
		{BDBBD966-824B-4F88-A626-0CFFB76791A5}.Release|Any CPU.Build.0 = Release|Any CPU
		{BDBBD966-824B-4F88-A626-0CFFB76791A5}.Release|Mixed Platforms.ActiveCfg = Release|Any CPU
		{BDBBD966-824B-4F88-A626-0CFFB76791A5}.Release|Mixed Platforms.Build.0 = Release|Any CPU
		{BDBBD966-824B-4F88-A626-0CFFB76791A5}.Release|x86.ActiveCfg = Release|Any CPU
		{A1216953-C750-4C24-9A19-7694D428DE1E}.Debug|Any CPU.ActiveCfg = Debug|Any CPU
		{A1216953-C750-4C24-9A19-7694D428DE1E}.Debug|Any CPU.Build.0 = Debug|Any CPU
		{A1216953-C750-4C24-9A19-7694D428DE1E}.Debug|Mixed Platforms.ActiveCfg = Debug|Any CPU
		{A1216953-C750-4C24-9A19-7694D428DE1E}.Debug|Mixed Platforms.Build.0 = Debug|Any CPU
		{A1216953-C750-4C24-9A19-7694D428DE1E}.Debug|x86.ActiveCfg = Debug|Any CPU
		{A1216953-C750-4C24-9A19-7694D428DE1E}.Release|Any CPU.ActiveCfg = Release|Any CPU
		{A1216953-C750-4C24-9A19-7694D428DE1E}.Release|Any CPU.Build.0 = Release|Any CPU
		{A1216953-C750-4C24-9A19-7694D428DE1E}.Release|Mixed Platforms.ActiveCfg = Release|Any CPU
		{A1216953-C750-4C24-9A19-7694D428DE1E}.Release|Mixed Platforms.Build.0 = Release|Any CPU
		{A1216953-C750-4C24-9A19-7694D428DE1E}.Release|x86.ActiveCfg = Release|Any CPU
		{DDD4FB3A-5938-4D2C-9EC5-B1CBC9DB648C}.Debug|Any CPU.ActiveCfg = Debug|Any CPU
		{DDD4FB3A-5938-4D2C-9EC5-B1CBC9DB648C}.Debug|Any CPU.Build.0 = Debug|Any CPU
		{DDD4FB3A-5938-4D2C-9EC5-B1CBC9DB648C}.Debug|Mixed Platforms.ActiveCfg = Debug|Any CPU
		{DDD4FB3A-5938-4D2C-9EC5-B1CBC9DB648C}.Debug|Mixed Platforms.Build.0 = Debug|Any CPU
		{DDD4FB3A-5938-4D2C-9EC5-B1CBC9DB648C}.Debug|x86.ActiveCfg = Debug|Any CPU
		{DDD4FB3A-5938-4D2C-9EC5-B1CBC9DB648C}.Release|Any CPU.ActiveCfg = Release|Any CPU
		{DDD4FB3A-5938-4D2C-9EC5-B1CBC9DB648C}.Release|Any CPU.Build.0 = Release|Any CPU
		{DDD4FB3A-5938-4D2C-9EC5-B1CBC9DB648C}.Release|Mixed Platforms.ActiveCfg = Release|Any CPU
		{DDD4FB3A-5938-4D2C-9EC5-B1CBC9DB648C}.Release|Mixed Platforms.Build.0 = Release|Any CPU
		{DDD4FB3A-5938-4D2C-9EC5-B1CBC9DB648C}.Release|x86.ActiveCfg = Release|Any CPU
		{AF5C9562-9F32-47F3-880D-A99B857FC3CF}.Debug|Any CPU.ActiveCfg = Debug|Any CPU
		{AF5C9562-9F32-47F3-880D-A99B857FC3CF}.Debug|Any CPU.Build.0 = Debug|Any CPU
		{AF5C9562-9F32-47F3-880D-A99B857FC3CF}.Debug|Mixed Platforms.ActiveCfg = Debug|Any CPU
		{AF5C9562-9F32-47F3-880D-A99B857FC3CF}.Debug|Mixed Platforms.Build.0 = Debug|Any CPU
		{AF5C9562-9F32-47F3-880D-A99B857FC3CF}.Debug|x86.ActiveCfg = Debug|Any CPU
		{AF5C9562-9F32-47F3-880D-A99B857FC3CF}.Release|Any CPU.ActiveCfg = Release|Any CPU
		{AF5C9562-9F32-47F3-880D-A99B857FC3CF}.Release|Any CPU.Build.0 = Release|Any CPU
		{AF5C9562-9F32-47F3-880D-A99B857FC3CF}.Release|Mixed Platforms.ActiveCfg = Release|Any CPU
		{AF5C9562-9F32-47F3-880D-A99B857FC3CF}.Release|Mixed Platforms.Build.0 = Release|Any CPU
		{AF5C9562-9F32-47F3-880D-A99B857FC3CF}.Release|x86.ActiveCfg = Release|Any CPU
		{FA47F6FE-4370-4471-830A-593AFBF3FD54}.Debug|Any CPU.ActiveCfg = Debug|Any CPU
		{FA47F6FE-4370-4471-830A-593AFBF3FD54}.Debug|Any CPU.Build.0 = Debug|Any CPU
		{FA47F6FE-4370-4471-830A-593AFBF3FD54}.Debug|Mixed Platforms.ActiveCfg = Debug|Any CPU
		{FA47F6FE-4370-4471-830A-593AFBF3FD54}.Debug|Mixed Platforms.Build.0 = Debug|Any CPU
		{FA47F6FE-4370-4471-830A-593AFBF3FD54}.Debug|x86.ActiveCfg = Debug|Any CPU
		{FA47F6FE-4370-4471-830A-593AFBF3FD54}.Release|Any CPU.ActiveCfg = Release|Any CPU
		{FA47F6FE-4370-4471-830A-593AFBF3FD54}.Release|Any CPU.Build.0 = Release|Any CPU
		{FA47F6FE-4370-4471-830A-593AFBF3FD54}.Release|Mixed Platforms.ActiveCfg = Release|Any CPU
		{FA47F6FE-4370-4471-830A-593AFBF3FD54}.Release|Mixed Platforms.Build.0 = Release|Any CPU
		{FA47F6FE-4370-4471-830A-593AFBF3FD54}.Release|x86.ActiveCfg = Release|Any CPU
		{FCBFA88C-3CB1-4662-B3F2-4288A6BDC5DD}.Debug|Any CPU.ActiveCfg = Debug|Any CPU
		{FCBFA88C-3CB1-4662-B3F2-4288A6BDC5DD}.Debug|Any CPU.Build.0 = Debug|Any CPU
		{FCBFA88C-3CB1-4662-B3F2-4288A6BDC5DD}.Debug|Mixed Platforms.ActiveCfg = Debug|Any CPU
		{FCBFA88C-3CB1-4662-B3F2-4288A6BDC5DD}.Debug|Mixed Platforms.Build.0 = Debug|Any CPU
		{FCBFA88C-3CB1-4662-B3F2-4288A6BDC5DD}.Debug|x86.ActiveCfg = Debug|Any CPU
		{FCBFA88C-3CB1-4662-B3F2-4288A6BDC5DD}.Release|Any CPU.ActiveCfg = Release|Any CPU
		{FCBFA88C-3CB1-4662-B3F2-4288A6BDC5DD}.Release|Any CPU.Build.0 = Release|Any CPU
		{FCBFA88C-3CB1-4662-B3F2-4288A6BDC5DD}.Release|Mixed Platforms.ActiveCfg = Release|Any CPU
		{FCBFA88C-3CB1-4662-B3F2-4288A6BDC5DD}.Release|Mixed Platforms.Build.0 = Release|Any CPU
		{FCBFA88C-3CB1-4662-B3F2-4288A6BDC5DD}.Release|x86.ActiveCfg = Release|Any CPU
		{A349A8FF-6290-46CE-8638-D4EE7B81057A}.Debug|Any CPU.ActiveCfg = Debug|x86
		{A349A8FF-6290-46CE-8638-D4EE7B81057A}.Debug|Mixed Platforms.ActiveCfg = Debug|x86
		{A349A8FF-6290-46CE-8638-D4EE7B81057A}.Debug|Mixed Platforms.Build.0 = Debug|x86
		{A349A8FF-6290-46CE-8638-D4EE7B81057A}.Debug|x86.ActiveCfg = Debug|x86
		{A349A8FF-6290-46CE-8638-D4EE7B81057A}.Debug|x86.Build.0 = Debug|x86
		{A349A8FF-6290-46CE-8638-D4EE7B81057A}.Release|Any CPU.ActiveCfg = Release|x86
		{A349A8FF-6290-46CE-8638-D4EE7B81057A}.Release|Mixed Platforms.ActiveCfg = Release|x86
		{A349A8FF-6290-46CE-8638-D4EE7B81057A}.Release|Mixed Platforms.Build.0 = Release|x86
		{A349A8FF-6290-46CE-8638-D4EE7B81057A}.Release|x86.ActiveCfg = Release|x86
		{A349A8FF-6290-46CE-8638-D4EE7B81057A}.Release|x86.Build.0 = Release|x86
		{5E8F6DB6-47BB-440D-80DE-B29C484DE753}.Debug|Any CPU.ActiveCfg = Debug|Any CPU
		{5E8F6DB6-47BB-440D-80DE-B29C484DE753}.Debug|Any CPU.Build.0 = Debug|Any CPU
		{5E8F6DB6-47BB-440D-80DE-B29C484DE753}.Debug|Mixed Platforms.ActiveCfg = Debug|Any CPU
		{5E8F6DB6-47BB-440D-80DE-B29C484DE753}.Debug|Mixed Platforms.Build.0 = Debug|Any CPU
		{5E8F6DB6-47BB-440D-80DE-B29C484DE753}.Debug|x86.ActiveCfg = Debug|Any CPU
		{5E8F6DB6-47BB-440D-80DE-B29C484DE753}.Release|Any CPU.ActiveCfg = Release|Any CPU
		{5E8F6DB6-47BB-440D-80DE-B29C484DE753}.Release|Any CPU.Build.0 = Release|Any CPU
		{5E8F6DB6-47BB-440D-80DE-B29C484DE753}.Release|Mixed Platforms.ActiveCfg = Release|Any CPU
		{5E8F6DB6-47BB-440D-80DE-B29C484DE753}.Release|Mixed Platforms.Build.0 = Release|Any CPU
		{5E8F6DB6-47BB-440D-80DE-B29C484DE753}.Release|x86.ActiveCfg = Release|Any CPU
		{39DAF63D-C329-46D7-B9BA-DE0C35571F00}.Debug|Any CPU.ActiveCfg = Debug|Any CPU
		{39DAF63D-C329-46D7-B9BA-DE0C35571F00}.Debug|Any CPU.Build.0 = Debug|Any CPU
		{39DAF63D-C329-46D7-B9BA-DE0C35571F00}.Debug|Mixed Platforms.ActiveCfg = Debug|Any CPU
		{39DAF63D-C329-46D7-B9BA-DE0C35571F00}.Debug|Mixed Platforms.Build.0 = Debug|Any CPU
		{39DAF63D-C329-46D7-B9BA-DE0C35571F00}.Debug|x86.ActiveCfg = Debug|Any CPU
		{39DAF63D-C329-46D7-B9BA-DE0C35571F00}.Debug|x86.Build.0 = Debug|Any CPU
		{39DAF63D-C329-46D7-B9BA-DE0C35571F00}.Release|Any CPU.ActiveCfg = Release|Any CPU
		{39DAF63D-C329-46D7-B9BA-DE0C35571F00}.Release|Any CPU.Build.0 = Release|Any CPU
		{39DAF63D-C329-46D7-B9BA-DE0C35571F00}.Release|Mixed Platforms.ActiveCfg = Release|Any CPU
		{39DAF63D-C329-46D7-B9BA-DE0C35571F00}.Release|Mixed Platforms.Build.0 = Release|Any CPU
		{39DAF63D-C329-46D7-B9BA-DE0C35571F00}.Release|x86.ActiveCfg = Release|Any CPU
		{39DAF63D-C329-46D7-B9BA-DE0C35571F00}.Release|x86.Build.0 = Release|Any CPU
	EndGlobalSection
	GlobalSection(SolutionProperties) = preSolution
		HideSolutionNode = FALSE
	EndGlobalSection
	GlobalSection(ExtensibilityGlobals) = postSolution
		SolutionGuid = {226A53BA-46B1-4823-9638-6A2A4B66782F}
	EndGlobalSection
EndGlobal
